// !$*UTF8*$!
{
	archiveVersion = 1;
	classes = {
	};
	objectVersion = 46;
	objects = {

/* Begin PBXBuildFile section */
		04535AED1D6600A6000E69CB /* LTTabBarViewController.m in Sources */ = {isa = PBXBuildFile; fileRef = A4CFF1BE1D65A4DF007A3C8E /* LTTabBarViewController.m */; };
		04535AEE1D6600B6000E69CB /* LTTabBar.m in Sources */ = {isa = PBXBuildFile; fileRef = A4CFF1C11D65A4FB007A3C8E /* LTTabBar.m */; };
		04535AEF1D6600BA000E69CB /* LTTabBarButton.m in Sources */ = {isa = PBXBuildFile; fileRef = A4CFF1C41D65C380007A3C8E /* LTTabBarButton.m */; };
		0461060A1D711FC000199324 /* PushViewController.m in Sources */ = {isa = PBXBuildFile; fileRef = 046106091D711FC000199324 /* PushViewController.m */; };
		0461060D1D713EBA00199324 /* BaseTableViewController.m in Sources */ = {isa = PBXBuildFile; fileRef = 0461060C1D713EBA00199324 /* BaseTableViewController.m */; };
		046106101D7147A400199324 /* SorceShowViewController.m in Sources */ = {isa = PBXBuildFile; fileRef = 0461060F1D7147A400199324 /* SorceShowViewController.m */; };
		046106131D714A0200199324 /* SettingLableItem.m in Sources */ = {isa = PBXBuildFile; fileRef = 046106121D714A0200199324 /* SettingLableItem.m */; };
		046106171D71D60700199324 /* SaveTool.m in Sources */ = {isa = PBXBuildFile; fileRef = 046106161D71D60700199324 /* SaveTool.m */; };
		0461061A1D72912500199324 /* HelpViewController.m in Sources */ = {isa = PBXBuildFile; fileRef = 046106191D72912500199324 /* HelpViewController.m */; };
		0461061F1D7474DF00199324 /* ILAboutHeaderView.m in Sources */ = {isa = PBXBuildFile; fileRef = 0461061D1D7474DF00199324 /* ILAboutHeaderView.m */; };
		046106201D7474DF00199324 /* ILAboutHeaderView.xib in Resources */ = {isa = PBXBuildFile; fileRef = 0461061E1D7474DF00199324 /* ILAboutHeaderView.xib */; };
		A40E05EF1D6C72C300A42BAC /* Main.storyboard in Resources */ = {isa = PBXBuildFile; fileRef = A40E05ED1D6C72C300A42BAC /* Main.storyboard */; };
		A40E05F11D6C72E500A42BAC /* ViewController.m in Sources */ = {isa = PBXBuildFile; fileRef = A40E05F01D6C72E500A42BAC /* ViewController.m */; };
		A40E05FA1D6E9CFF00A42BAC /* SettingCell.m in Sources */ = {isa = PBXBuildFile; fileRef = A40E05F91D6E9CFF00A42BAC /* SettingCell.m */; };
		A40E06071D6EDAF200A42BAC /* TestSetViewController.m in Sources */ = {isa = PBXBuildFile; fileRef = A40E06051D6EDAF200A42BAC /* TestSetViewController.m */; };
		A40E06081D6EDAF200A42BAC /* TestSetViewController.xib in Resources */ = {isa = PBXBuildFile; fileRef = A40E06061D6EDAF200A42BAC /* TestSetViewController.xib */; };
		A40E06101D6FE35400A42BAC /* MBProgressHUD+MJ.m in Sources */ = {isa = PBXBuildFile; fileRef = A40E060C1D6FE35400A42BAC /* MBProgressHUD+MJ.m */; };
		A40E06111D6FE35400A42BAC /* MBProgressHUD.bundle in Resources */ = {isa = PBXBuildFile; fileRef = A40E060D1D6FE35400A42BAC /* MBProgressHUD.bundle */; };
		A40E06121D6FE35400A42BAC /* MBProgressHUD.m in Sources */ = {isa = PBXBuildFile; fileRef = A40E060F1D6FE35400A42BAC /* MBProgressHUD.m */; };
		A40E06161D6FE4D400A42BAC /* PruductViewController.m in Sources */ = {isa = PBXBuildFile; fileRef = A40E06151D6FE4D400A42BAC /* PruductViewController.m */; };
		A40E061B1D702E6200A42BAC /* cywt.json in Resources */ = {isa = PBXBuildFile; fileRef = A40E06181D702E6200A42BAC /* cywt.json */; };
		A40E061C1D702E6200A42BAC /* help.json in Resources */ = {isa = PBXBuildFile; fileRef = A40E06191D702E6200A42BAC /* help.json */; };
		A40E061D1D702E6200A42BAC /* products.json in Resources */ = {isa = PBXBuildFile; fileRef = A40E061A1D702E6200A42BAC /* products.json */; };
		A40E06281D702F0F00A42BAC /* SettingArrawItem.m in Sources */ = {isa = PBXBuildFile; fileRef = A40E06211D702F0F00A42BAC /* SettingArrawItem.m */; };
		A40E06291D702F0F00A42BAC /* SettingGroup.m in Sources */ = {isa = PBXBuildFile; fileRef = A40E06231D702F0F00A42BAC /* SettingGroup.m */; };
		A40E062A1D702F0F00A42BAC /* SettingItem.m in Sources */ = {isa = PBXBuildFile; fileRef = A40E06251D702F0F00A42BAC /* SettingItem.m */; };
		A40E062B1D702F0F00A42BAC /* SettingSwithItem.m in Sources */ = {isa = PBXBuildFile; fileRef = A40E06271D702F0F00A42BAC /* SettingSwithItem.m */; };
		A40E062E1D702F4500A42BAC /* Product.m in Sources */ = {isa = PBXBuildFile; fileRef = A40E062D1D702F4500A42BAC /* Product.m */; };
		A40E06311D7035A500A42BAC /* ProductCell.m in Sources */ = {isa = PBXBuildFile; fileRef = A40E06301D7035A500A42BAC /* ProductCell.m */; };
		A40E06331D7035DA00A42BAC /* ProductCell.xib in Resources */ = {isa = PBXBuildFile; fileRef = A40E06321D7035DA00A42BAC /* ProductCell.xib */; };
		A47967151D65696D00F3620B /* main.m in Sources */ = {isa = PBXBuildFile; fileRef = A47967141D65696D00F3620B /* main.m */; };
		A47967181D65696D00F3620B /* AppDelegate.m in Sources */ = {isa = PBXBuildFile; fileRef = A47967171D65696D00F3620B /* AppDelegate.m */; };
		A47967201D65696D00F3620B /* Assets.xcassets in Resources */ = {isa = PBXBuildFile; fileRef = A479671F1D65696D00F3620B /* Assets.xcassets */; };
		A4D15B3A1D6BFF3700D4D938 /* LoginViewController.m in Sources */ = {isa = PBXBuildFile; fileRef = A4D15B391D6BFF3700D4D938 /* LoginViewController.m */; };
		A4D15B3E1D6C038F00D4D938 /* UIImage+Tools.m in Sources */ = {isa = PBXBuildFile; fileRef = A4D15B3D1D6C038F00D4D938 /* UIImage+Tools.m */; };
		A4D15B481D6C4CA500D4D938 /* SettingTableViewController.m in Sources */ = {isa = PBXBuildFile; fileRef = A4D15B471D6C4CA500D4D938 /* SettingTableViewController.m */; };
		A4ED17781D6AB4A50041EF99 /* LTNavigationController.m in Sources */ = {isa = PBXBuildFile; fileRef = A4ED17771D6AB4A50041EF99 /* LTNavigationController.m */; };
		A4ED177B1D6AF0ED0041EF99 /* LTTitleButton.m in Sources */ = {isa = PBXBuildFile; fileRef = A4ED177A1D6AF0ED0041EF99 /* LTTitleButton.m */; };
		A4F3B99F1D73DD66003F9269 /* Helpbean.m in Sources */ = {isa = PBXBuildFile; fileRef = A4F3B99E1D73DD66003F9269 /* Helpbean.m */; };
		A4F3B9A21D7417F5003F9269 /* HtmlViewController.m in Sources */ = {isa = PBXBuildFile; fileRef = A4F3B9A11D7417F5003F9269 /* HtmlViewController.m */; };
		A4F3B9C11D741FE7003F9269 /* bjdc_howto.html in Resources */ = {isa = PBXBuildFile; fileRef = A4F3B9A41D741FE7003F9269 /* bjdc_howto.html */; };
		A4F3B9C21D741FE7003F9269 /* coupon_help.html in Resources */ = {isa = PBXBuildFile; fileRef = A4F3B9A51D741FE7003F9269 /* coupon_help.html */; };
		A4F3B9C31D741FE7003F9269 /* credit_help.html in Resources */ = {isa = PBXBuildFile; fileRef = A4F3B9A61D741FE7003F9269 /* credit_help.html */; };
		A4F3B9C41D741FE7003F9269 /* dlt_howto.html in Resources */ = {isa = PBXBuildFile; fileRef = A4F3B9A71D741FE7003F9269 /* dlt_howto.html */; };
		A4F3B9C51D741FE7003F9269 /* f9_howto.html in Resources */ = {isa = PBXBuildFile; fileRef = A4F3B9A81D741FE7003F9269 /* f9_howto.html */; };
		A4F3B9C61D741FE7003F9269 /* gdy11_howto.html in Resources */ = {isa = PBXBuildFile; fileRef = A4F3B9A91D741FE7003F9269 /* gdy11_howto.html */; };
		A4F3B9C71D741FE7003F9269 /* group_record.html in Resources */ = {isa = PBXBuildFile; fileRef = A4F3B9AA1D741FE7003F9269 /* group_record.html */; };
		A4F3B9C81D741FE7003F9269 /* help.html in Resources */ = {isa = PBXBuildFile; fileRef = A4F3B9AB1D741FE7003F9269 /* help.html */; };
		A4F3B9C91D741FE7003F9269 /* helpGroupBuy.html in Resources */ = {isa = PBXBuildFile; fileRef = A4F3B9AC1D741FE7003F9269 /* helpGroupBuy.html */; };
		A4F3B9CA1D741FE7003F9269 /* jclq_howto.html in Resources */ = {isa = PBXBuildFile; fileRef = A4F3B9AD1D741FE7003F9269 /* jclq_howto.html */; };
		A4F3B9CB1D741FE7003F9269 /* jczq_howto.html in Resources */ = {isa = PBXBuildFile; fileRef = A4F3B9AE1D741FE7003F9269 /* jczq_howto.html */; };
		A4F3B9CC1D741FE7003F9269 /* jxssc_howto.html in Resources */ = {isa = PBXBuildFile; fileRef = A4F3B9AF1D741FE7003F9269 /* jxssc_howto.html */; };
		A4F3B9CD1D741FE7003F9269 /* jxy11_howto.html in Resources */ = {isa = PBXBuildFile; fileRef = A4F3B9B01D741FE7003F9269 /* jxy11_howto.html */; };
		A4F3B9CE1D741FE7003F9269 /* k2_howto.html in Resources */ = {isa = PBXBuildFile; fileRef = A4F3B9B11D741FE7003F9269 /* k2_howto.html */; };
		A4F3B9CF1D741FE7003F9269 /* k3_howto.html in Resources */ = {isa = PBXBuildFile; fileRef = A4F3B9B21D741FE7003F9269 /* k3_howto.html */; };
		A4F3B9D01D741FE7003F9269 /* kl8_howto.html in Resources */ = {isa = PBXBuildFile; fileRef = A4F3B9B31D741FE7003F9269 /* kl8_howto.html */; };
		A4F3B9D11D741FE7003F9269 /* lk11_howto.html in Resources */ = {isa = PBXBuildFile; fileRef = A4F3B9B41D741FE7003F9269 /* lk11_howto.html */; };
		A4F3B9D21D741FE7003F9269 /* networkconnectedfailed.html in Resources */ = {isa = PBXBuildFile; fileRef = A4F3B9B51D741FE7003F9269 /* networkconnectedfailed.html */; };
		A4F3B9D31D741FE7003F9269 /* pl3_howto.html in Resources */ = {isa = PBXBuildFile; fileRef = A4F3B9B61D741FE7003F9269 /* pl3_howto.html */; };
		A4F3B9D41D741FE7003F9269 /* pl5_howto.html in Resources */ = {isa = PBXBuildFile; fileRef = A4F3B9B71D741FE7003F9269 /* pl5_howto.html */; };
		A4F3B9D51D741FE7003F9269 /* qlc_howto.html in Resources */ = {isa = PBXBuildFile; fileRef = A4F3B9B81D741FE7003F9269 /* qlc_howto.html */; };
		A4F3B9D61D741FE7003F9269 /* qxc_howto.html in Resources */ = {isa = PBXBuildFile; fileRef = A4F3B9B91D741FE7003F9269 /* qxc_howto.html */; };
		A4F3B9D71D741FE7003F9269 /* rule.css in Resources */ = {isa = PBXBuildFile; fileRef = A4F3B9BA1D741FE7003F9269 /* rule.css */; };
		A4F3B9D81D741FE7003F9269 /* sfc_howto.html in Resources */ = {isa = PBXBuildFile; fileRef = A4F3B9BB1D741FE7003F9269 /* sfc_howto.html */; };
		A4F3B9D91D741FE7003F9269 /* ssc_howto.html in Resources */ = {isa = PBXBuildFile; fileRef = A4F3B9BC1D741FE7003F9269 /* ssc_howto.html */; };
		A4F3B9DA1D741FE7003F9269 /* ssq_howto.html in Resources */ = {isa = PBXBuildFile; fileRef = A4F3B9BD1D741FE7003F9269 /* ssq_howto.html */; };
		A4F3B9DB1D741FE7003F9269 /* x3d_howto.html in Resources */ = {isa = PBXBuildFile; fileRef = A4F3B9BE1D741FE7003F9269 /* x3d_howto.html */; };
		A4F3B9DC1D741FE7003F9269 /* y11_howto.html in Resources */ = {isa = PBXBuildFile; fileRef = A4F3B9BF1D741FE7003F9269 /* y11_howto.html */; };
		A4F3B9DD1D741FE7003F9269 /* znzh.html in Resources */ = {isa = PBXBuildFile; fileRef = A4F3B9C01D741FE7003F9269 /* znzh.html */; };
		A4F3B9E01D743989003F9269 /* ShareViewController.m in Sources */ = {isa = PBXBuildFile; fileRef = A4F3B9DF1D743989003F9269 /* ShareViewController.m */; };
		A4F3B9E31D7441EF003F9269 /* AboutViewController.m in Sources */ = {isa = PBXBuildFile; fileRef = A4F3B9E21D7441EF003F9269 /* AboutViewController.m */; };
/* End PBXBuildFile section */

/* Begin PBXFileReference section */
		046106081D711FC000199324 /* PushViewController.h */ = {isa = PBXFileReference; fileEncoding = 4; lastKnownFileType = sourcecode.c.h; path = PushViewController.h; sourceTree = "<group>"; };
		046106091D711FC000199324 /* PushViewController.m */ = {isa = PBXFileReference; fileEncoding = 4; lastKnownFileType = sourcecode.c.objc; path = PushViewController.m; sourceTree = "<group>"; };
		0461060B1D713EBA00199324 /* BaseTableViewController.h */ = {isa = PBXFileReference; fileEncoding = 4; lastKnownFileType = sourcecode.c.h; path = BaseTableViewController.h; sourceTree = "<group>"; };
		0461060C1D713EBA00199324 /* BaseTableViewController.m */ = {isa = PBXFileReference; fileEncoding = 4; lastKnownFileType = sourcecode.c.objc; path = BaseTableViewController.m; sourceTree = "<group>"; };
		0461060E1D7147A400199324 /* SorceShowViewController.h */ = {isa = PBXFileReference; fileEncoding = 4; lastKnownFileType = sourcecode.c.h; path = SorceShowViewController.h; sourceTree = "<group>"; };
		0461060F1D7147A400199324 /* SorceShowViewController.m */ = {isa = PBXFileReference; fileEncoding = 4; lastKnownFileType = sourcecode.c.objc; path = SorceShowViewController.m; sourceTree = "<group>"; };
		046106111D714A0200199324 /* SettingLableItem.h */ = {isa = PBXFileReference; fileEncoding = 4; lastKnownFileType = sourcecode.c.h; path = SettingLableItem.h; sourceTree = "<group>"; };
		046106121D714A0200199324 /* SettingLableItem.m */ = {isa = PBXFileReference; fileEncoding = 4; lastKnownFileType = sourcecode.c.objc; path = SettingLableItem.m; sourceTree = "<group>"; };
		046106151D71D60700199324 /* SaveTool.h */ = {isa = PBXFileReference; fileEncoding = 4; lastKnownFileType = sourcecode.c.h; path = SaveTool.h; sourceTree = "<group>"; };
		046106161D71D60700199324 /* SaveTool.m */ = {isa = PBXFileReference; fileEncoding = 4; lastKnownFileType = sourcecode.c.objc; path = SaveTool.m; sourceTree = "<group>"; };
		046106181D72912500199324 /* HelpViewController.h */ = {isa = PBXFileReference; fileEncoding = 4; lastKnownFileType = sourcecode.c.h; path = HelpViewController.h; sourceTree = "<group>"; };
		046106191D72912500199324 /* HelpViewController.m */ = {isa = PBXFileReference; fileEncoding = 4; lastKnownFileType = sourcecode.c.objc; path = HelpViewController.m; sourceTree = "<group>"; };
		0461061C1D7474DF00199324 /* ILAboutHeaderView.h */ = {isa = PBXFileReference; fileEncoding = 4; lastKnownFileType = sourcecode.c.h; path = ILAboutHeaderView.h; sourceTree = "<group>"; };
		0461061D1D7474DF00199324 /* ILAboutHeaderView.m */ = {isa = PBXFileReference; fileEncoding = 4; lastKnownFileType = sourcecode.c.objc; path = ILAboutHeaderView.m; sourceTree = "<group>"; };
		0461061E1D7474DF00199324 /* ILAboutHeaderView.xib */ = {isa = PBXFileReference; fileEncoding = 4; lastKnownFileType = file.xib; path = ILAboutHeaderView.xib; sourceTree = "<group>"; };
		A40E05EE1D6C72C300A42BAC /* Base */ = {isa = PBXFileReference; lastKnownFileType = file.storyboard; name = Base; path = Base.lproj/Main.storyboard; sourceTree = "<group>"; };
		A40E05F01D6C72E500A42BAC /* ViewController.m */ = {isa = PBXFileReference; fileEncoding = 4; lastKnownFileType = sourcecode.c.objc; path = ViewController.m; sourceTree = "<group>"; };
		A40E05F81D6E9CFF00A42BAC /* SettingCell.h */ = {isa = PBXFileReference; fileEncoding = 4; lastKnownFileType = sourcecode.c.h; path = SettingCell.h; sourceTree = "<group>"; };
		A40E05F91D6E9CFF00A42BAC /* SettingCell.m */ = {isa = PBXFileReference; fileEncoding = 4; lastKnownFileType = sourcecode.c.objc; path = SettingCell.m; sourceTree = "<group>"; };
		A40E06041D6EDAF200A42BAC /* TestSetViewController.h */ = {isa = PBXFileReference; fileEncoding = 4; lastKnownFileType = sourcecode.c.h; path = TestSetViewController.h; sourceTree = "<group>"; };
		A40E06051D6EDAF200A42BAC /* TestSetViewController.m */ = {isa = PBXFileReference; fileEncoding = 4; lastKnownFileType = sourcecode.c.objc; path = TestSetViewController.m; sourceTree = "<group>"; };
		A40E06061D6EDAF200A42BAC /* TestSetViewController.xib */ = {isa = PBXFileReference; fileEncoding = 4; lastKnownFileType = file.xib; path = TestSetViewController.xib; sourceTree = "<group>"; };
		A40E060B1D6FE35400A42BAC /* MBProgressHUD+MJ.h */ = {isa = PBXFileReference; fileEncoding = 4; lastKnownFileType = sourcecode.c.h; path = "MBProgressHUD+MJ.h"; sourceTree = "<group>"; };
		A40E060C1D6FE35400A42BAC /* MBProgressHUD+MJ.m */ = {isa = PBXFileReference; fileEncoding = 4; lastKnownFileType = sourcecode.c.objc; path = "MBProgressHUD+MJ.m"; sourceTree = "<group>"; };
		A40E060D1D6FE35400A42BAC /* MBProgressHUD.bundle */ = {isa = PBXFileReference; lastKnownFileType = "wrapper.plug-in"; path = MBProgressHUD.bundle; sourceTree = "<group>"; };
		A40E060E1D6FE35400A42BAC /* MBProgressHUD.h */ = {isa = PBXFileReference; fileEncoding = 4; lastKnownFileType = sourcecode.c.h; path = MBProgressHUD.h; sourceTree = "<group>"; };
		A40E060F1D6FE35400A42BAC /* MBProgressHUD.m */ = {isa = PBXFileReference; fileEncoding = 4; lastKnownFileType = sourcecode.c.objc; path = MBProgressHUD.m; sourceTree = "<group>"; };
		A40E06141D6FE4D400A42BAC /* PruductViewController.h */ = {isa = PBXFileReference; fileEncoding = 4; lastKnownFileType = sourcecode.c.h; path = PruductViewController.h; sourceTree = "<group>"; };
		A40E06151D6FE4D400A42BAC /* PruductViewController.m */ = {isa = PBXFileReference; fileEncoding = 4; lastKnownFileType = sourcecode.c.objc; path = PruductViewController.m; sourceTree = "<group>"; };
		A40E06181D702E6200A42BAC /* cywt.json */ = {isa = PBXFileReference; fileEncoding = 4; lastKnownFileType = text.json; path = cywt.json; sourceTree = "<group>"; };
		A40E06191D702E6200A42BAC /* help.json */ = {isa = PBXFileReference; fileEncoding = 4; lastKnownFileType = text.json; path = help.json; sourceTree = "<group>"; };
		A40E061A1D702E6200A42BAC /* products.json */ = {isa = PBXFileReference; fileEncoding = 4; lastKnownFileType = text.json; path = products.json; sourceTree = "<group>"; };
		A40E06201D702F0F00A42BAC /* SettingArrawItem.h */ = {isa = PBXFileReference; fileEncoding = 4; lastKnownFileType = sourcecode.c.h; path = SettingArrawItem.h; sourceTree = "<group>"; };
		A40E06211D702F0F00A42BAC /* SettingArrawItem.m */ = {isa = PBXFileReference; fileEncoding = 4; lastKnownFileType = sourcecode.c.objc; path = SettingArrawItem.m; sourceTree = "<group>"; };
		A40E06221D702F0F00A42BAC /* SettingGroup.h */ = {isa = PBXFileReference; fileEncoding = 4; lastKnownFileType = sourcecode.c.h; path = SettingGroup.h; sourceTree = "<group>"; };
		A40E06231D702F0F00A42BAC /* SettingGroup.m */ = {isa = PBXFileReference; fileEncoding = 4; lastKnownFileType = sourcecode.c.objc; path = SettingGroup.m; sourceTree = "<group>"; };
		A40E06241D702F0F00A42BAC /* SettingItem.h */ = {isa = PBXFileReference; fileEncoding = 4; lastKnownFileType = sourcecode.c.h; path = SettingItem.h; sourceTree = "<group>"; };
		A40E06251D702F0F00A42BAC /* SettingItem.m */ = {isa = PBXFileReference; fileEncoding = 4; lastKnownFileType = sourcecode.c.objc; path = SettingItem.m; sourceTree = "<group>"; };
		A40E06261D702F0F00A42BAC /* SettingSwithItem.h */ = {isa = PBXFileReference; fileEncoding = 4; lastKnownFileType = sourcecode.c.h; path = SettingSwithItem.h; sourceTree = "<group>"; };
		A40E06271D702F0F00A42BAC /* SettingSwithItem.m */ = {isa = PBXFileReference; fileEncoding = 4; lastKnownFileType = sourcecode.c.objc; path = SettingSwithItem.m; sourceTree = "<group>"; };
		A40E062C1D702F4500A42BAC /* Product.h */ = {isa = PBXFileReference; fileEncoding = 4; lastKnownFileType = sourcecode.c.h; path = Product.h; sourceTree = "<group>"; };
		A40E062D1D702F4500A42BAC /* Product.m */ = {isa = PBXFileReference; fileEncoding = 4; lastKnownFileType = sourcecode.c.objc; path = Product.m; sourceTree = "<group>"; };
		A40E062F1D7035A500A42BAC /* ProductCell.h */ = {isa = PBXFileReference; fileEncoding = 4; lastKnownFileType = sourcecode.c.h; path = ProductCell.h; sourceTree = "<group>"; };
		A40E06301D7035A500A42BAC /* ProductCell.m */ = {isa = PBXFileReference; fileEncoding = 4; lastKnownFileType = sourcecode.c.objc; path = ProductCell.m; sourceTree = "<group>"; };
		A40E06321D7035DA00A42BAC /* ProductCell.xib */ = {isa = PBXFileReference; fileEncoding = 4; lastKnownFileType = file.xib; path = ProductCell.xib; sourceTree = "<group>"; };
		A4278B091D671938009CDABE /* lottery-Prefix.pch */ = {isa = PBXFileReference; lastKnownFileType = sourcecode.c.h; path = "lottery-Prefix.pch"; sourceTree = SOURCE_ROOT; };
		A47967101D65696D00F3620B /* lottery.app */ = {isa = PBXFileReference; explicitFileType = wrapper.application; includeInIndex = 0; path = lottery.app; sourceTree = BUILT_PRODUCTS_DIR; };
		A47967141D65696D00F3620B /* main.m */ = {isa = PBXFileReference; lastKnownFileType = sourcecode.c.objc; path = main.m; sourceTree = "<group>"; };
		A47967161D65696D00F3620B /* AppDelegate.h */ = {isa = PBXFileReference; lastKnownFileType = sourcecode.c.h; name = AppDelegate.h; path = ../../AppDelegate.h; sourceTree = "<group>"; };
		A47967171D65696D00F3620B /* AppDelegate.m */ = {isa = PBXFileReference; lastKnownFileType = sourcecode.c.objc; name = AppDelegate.m; path = ../../AppDelegate.m; sourceTree = "<group>"; };
		A47967191D65696D00F3620B /* ViewController.h */ = {isa = PBXFileReference; lastKnownFileType = sourcecode.c.h; path = ViewController.h; sourceTree = "<group>"; };
		A479671F1D65696D00F3620B /* Assets.xcassets */ = {isa = PBXFileReference; lastKnownFileType = folder.assetcatalog; path = Assets.xcassets; sourceTree = "<group>"; };
		A47967241D65696D00F3620B /* Info.plist */ = {isa = PBXFileReference; lastKnownFileType = text.plist.xml; path = Info.plist; sourceTree = "<group>"; };
		A4CFF1BD1D65A4DF007A3C8E /* LTTabBarViewController.h */ = {isa = PBXFileReference; fileEncoding = 4; lastKnownFileType = sourcecode.c.h; path = LTTabBarViewController.h; sourceTree = "<group>"; };
		A4CFF1BE1D65A4DF007A3C8E /* LTTabBarViewController.m */ = {isa = PBXFileReference; fileEncoding = 4; lastKnownFileType = sourcecode.c.objc; path = LTTabBarViewController.m; sourceTree = "<group>"; };
		A4CFF1C01D65A4FB007A3C8E /* LTTabBar.h */ = {isa = PBXFileReference; fileEncoding = 4; lastKnownFileType = sourcecode.c.h; path = LTTabBar.h; sourceTree = "<group>"; };
		A4CFF1C11D65A4FB007A3C8E /* LTTabBar.m */ = {isa = PBXFileReference; fileEncoding = 4; lastKnownFileType = sourcecode.c.objc; path = LTTabBar.m; sourceTree = "<group>"; };
		A4CFF1C31D65C380007A3C8E /* LTTabBarButton.h */ = {isa = PBXFileReference; fileEncoding = 4; lastKnownFileType = sourcecode.c.h; path = LTTabBarButton.h; sourceTree = "<group>"; };
		A4CFF1C41D65C380007A3C8E /* LTTabBarButton.m */ = {isa = PBXFileReference; fileEncoding = 4; lastKnownFileType = sourcecode.c.objc; path = LTTabBarButton.m; sourceTree = "<group>"; };
		A4D15B381D6BFF3700D4D938 /* LoginViewController.h */ = {isa = PBXFileReference; fileEncoding = 4; lastKnownFileType = sourcecode.c.h; path = LoginViewController.h; sourceTree = "<group>"; };
		A4D15B391D6BFF3700D4D938 /* LoginViewController.m */ = {isa = PBXFileReference; fileEncoding = 4; lastKnownFileType = sourcecode.c.objc; path = LoginViewController.m; sourceTree = "<group>"; };
		A4D15B3C1D6C038F00D4D938 /* UIImage+Tools.h */ = {isa = PBXFileReference; fileEncoding = 4; lastKnownFileType = sourcecode.c.h; path = "UIImage+Tools.h"; sourceTree = "<group>"; };
		A4D15B3D1D6C038F00D4D938 /* UIImage+Tools.m */ = {isa = PBXFileReference; fileEncoding = 4; lastKnownFileType = sourcecode.c.objc; path = "UIImage+Tools.m"; sourceTree = "<group>"; };
		A4D15B461D6C4CA500D4D938 /* SettingTableViewController.h */ = {isa = PBXFileReference; fileEncoding = 4; lastKnownFileType = sourcecode.c.h; path = SettingTableViewController.h; sourceTree = "<group>"; };
		A4D15B471D6C4CA500D4D938 /* SettingTableViewController.m */ = {isa = PBXFileReference; fileEncoding = 4; lastKnownFileType = sourcecode.c.objc; path = SettingTableViewController.m; sourceTree = "<group>"; };
		A4ED17761D6AB4A50041EF99 /* LTNavigationController.h */ = {isa = PBXFileReference; fileEncoding = 4; lastKnownFileType = sourcecode.c.h; path = LTNavigationController.h; sourceTree = "<group>"; };
		A4ED17771D6AB4A50041EF99 /* LTNavigationController.m */ = {isa = PBXFileReference; fileEncoding = 4; lastKnownFileType = sourcecode.c.objc; path = LTNavigationController.m; sourceTree = "<group>"; };
		A4ED17791D6AF0ED0041EF99 /* LTTitleButton.h */ = {isa = PBXFileReference; fileEncoding = 4; lastKnownFileType = sourcecode.c.h; path = LTTitleButton.h; sourceTree = "<group>"; };
		A4ED177A1D6AF0ED0041EF99 /* LTTitleButton.m */ = {isa = PBXFileReference; fileEncoding = 4; lastKnownFileType = sourcecode.c.objc; path = LTTitleButton.m; sourceTree = "<group>"; };
		A4F3B99D1D73DD66003F9269 /* Helpbean.h */ = {isa = PBXFileReference; fileEncoding = 4; lastKnownFileType = sourcecode.c.h; path = Helpbean.h; sourceTree = "<group>"; };
		A4F3B99E1D73DD66003F9269 /* Helpbean.m */ = {isa = PBXFileReference; fileEncoding = 4; lastKnownFileType = sourcecode.c.objc; path = Helpbean.m; sourceTree = "<group>"; };
		A4F3B9A01D7417F5003F9269 /* HtmlViewController.h */ = {isa = PBXFileReference; fileEncoding = 4; lastKnownFileType = sourcecode.c.h; path = HtmlViewController.h; sourceTree = "<group>"; };
		A4F3B9A11D7417F5003F9269 /* HtmlViewController.m */ = {isa = PBXFileReference; fileEncoding = 4; lastKnownFileType = sourcecode.c.objc; path = HtmlViewController.m; sourceTree = "<group>"; };
		A4F3B9A41D741FE7003F9269 /* bjdc_howto.html */ = {isa = PBXFileReference; fileEncoding = 4; lastKnownFileType = text.html; path = bjdc_howto.html; sourceTree = "<group>"; };
		A4F3B9A51D741FE7003F9269 /* coupon_help.html */ = {isa = PBXFileReference; fileEncoding = 4; lastKnownFileType = text.html; path = coupon_help.html; sourceTree = "<group>"; };
		A4F3B9A61D741FE7003F9269 /* credit_help.html */ = {isa = PBXFileReference; fileEncoding = 4; lastKnownFileType = text.html; path = credit_help.html; sourceTree = "<group>"; };
		A4F3B9A71D741FE7003F9269 /* dlt_howto.html */ = {isa = PBXFileReference; fileEncoding = 4; lastKnownFileType = text.html; path = dlt_howto.html; sourceTree = "<group>"; };
		A4F3B9A81D741FE7003F9269 /* f9_howto.html */ = {isa = PBXFileReference; fileEncoding = 4; lastKnownFileType = text.html; path = f9_howto.html; sourceTree = "<group>"; };
		A4F3B9A91D741FE7003F9269 /* gdy11_howto.html */ = {isa = PBXFileReference; fileEncoding = 4; lastKnownFileType = text.html; path = gdy11_howto.html; sourceTree = "<group>"; };
		A4F3B9AA1D741FE7003F9269 /* group_record.html */ = {isa = PBXFileReference; fileEncoding = 4; lastKnownFileType = text.html; path = group_record.html; sourceTree = "<group>"; };
		A4F3B9AB1D741FE7003F9269 /* help.html */ = {isa = PBXFileReference; fileEncoding = 4; lastKnownFileType = text.html; path = help.html; sourceTree = "<group>"; };
		A4F3B9AC1D741FE7003F9269 /* helpGroupBuy.html */ = {isa = PBXFileReference; fileEncoding = 4; lastKnownFileType = text.html; path = helpGroupBuy.html; sourceTree = "<group>"; };
		A4F3B9AD1D741FE7003F9269 /* jclq_howto.html */ = {isa = PBXFileReference; fileEncoding = 4; lastKnownFileType = text.html; path = jclq_howto.html; sourceTree = "<group>"; };
		A4F3B9AE1D741FE7003F9269 /* jczq_howto.html */ = {isa = PBXFileReference; fileEncoding = 4; lastKnownFileType = text.html; path = jczq_howto.html; sourceTree = "<group>"; };
		A4F3B9AF1D741FE7003F9269 /* jxssc_howto.html */ = {isa = PBXFileReference; fileEncoding = 4; lastKnownFileType = text.html; path = jxssc_howto.html; sourceTree = "<group>"; };
		A4F3B9B01D741FE7003F9269 /* jxy11_howto.html */ = {isa = PBXFileReference; fileEncoding = 4; lastKnownFileType = text.html; path = jxy11_howto.html; sourceTree = "<group>"; };
		A4F3B9B11D741FE7003F9269 /* k2_howto.html */ = {isa = PBXFileReference; fileEncoding = 4; lastKnownFileType = text.html; path = k2_howto.html; sourceTree = "<group>"; };
		A4F3B9B21D741FE7003F9269 /* k3_howto.html */ = {isa = PBXFileReference; fileEncoding = 4; lastKnownFileType = text.html; path = k3_howto.html; sourceTree = "<group>"; };
		A4F3B9B31D741FE7003F9269 /* kl8_howto.html */ = {isa = PBXFileReference; fileEncoding = 4; lastKnownFileType = text.html; path = kl8_howto.html; sourceTree = "<group>"; };
		A4F3B9B41D741FE7003F9269 /* lk11_howto.html */ = {isa = PBXFileReference; fileEncoding = 4; lastKnownFileType = text.html; path = lk11_howto.html; sourceTree = "<group>"; };
		A4F3B9B51D741FE7003F9269 /* networkconnectedfailed.html */ = {isa = PBXFileReference; fileEncoding = 4; lastKnownFileType = text.html; path = networkconnectedfailed.html; sourceTree = "<group>"; };
		A4F3B9B61D741FE7003F9269 /* pl3_howto.html */ = {isa = PBXFileReference; fileEncoding = 4; lastKnownFileType = text.html; path = pl3_howto.html; sourceTree = "<group>"; };
		A4F3B9B71D741FE7003F9269 /* pl5_howto.html */ = {isa = PBXFileReference; fileEncoding = 4; lastKnownFileType = text.html; path = pl5_howto.html; sourceTree = "<group>"; };
		A4F3B9B81D741FE7003F9269 /* qlc_howto.html */ = {isa = PBXFileReference; fileEncoding = 4; lastKnownFileType = text.html; path = qlc_howto.html; sourceTree = "<group>"; };
		A4F3B9B91D741FE7003F9269 /* qxc_howto.html */ = {isa = PBXFileReference; fileEncoding = 4; lastKnownFileType = text.html; path = qxc_howto.html; sourceTree = "<group>"; };
		A4F3B9BA1D741FE7003F9269 /* rule.css */ = {isa = PBXFileReference; fileEncoding = 4; lastKnownFileType = text.css; path = rule.css; sourceTree = "<group>"; };
		A4F3B9BB1D741FE7003F9269 /* sfc_howto.html */ = {isa = PBXFileReference; fileEncoding = 4; lastKnownFileType = text.html; path = sfc_howto.html; sourceTree = "<group>"; };
		A4F3B9BC1D741FE7003F9269 /* ssc_howto.html */ = {isa = PBXFileReference; fileEncoding = 4; lastKnownFileType = text.html; path = ssc_howto.html; sourceTree = "<group>"; };
		A4F3B9BD1D741FE7003F9269 /* ssq_howto.html */ = {isa = PBXFileReference; fileEncoding = 4; lastKnownFileType = text.html; path = ssq_howto.html; sourceTree = "<group>"; };
		A4F3B9BE1D741FE7003F9269 /* x3d_howto.html */ = {isa = PBXFileReference; fileEncoding = 4; lastKnownFileType = text.html; path = x3d_howto.html; sourceTree = "<group>"; };
		A4F3B9BF1D741FE7003F9269 /* y11_howto.html */ = {isa = PBXFileReference; fileEncoding = 4; lastKnownFileType = text.html; path = y11_howto.html; sourceTree = "<group>"; };
		A4F3B9C01D741FE7003F9269 /* znzh.html */ = {isa = PBXFileReference; fileEncoding = 4; lastKnownFileType = text.html; path = znzh.html; sourceTree = "<group>"; };
		A4F3B9DE1D743989003F9269 /* ShareViewController.h */ = {isa = PBXFileReference; fileEncoding = 4; lastKnownFileType = sourcecode.c.h; path = ShareViewController.h; sourceTree = "<group>"; };
		A4F3B9DF1D743989003F9269 /* ShareViewController.m */ = {isa = PBXFileReference; fileEncoding = 4; lastKnownFileType = sourcecode.c.objc; path = ShareViewController.m; sourceTree = "<group>"; };
		A4F3B9E11D7441EF003F9269 /* AboutViewController.h */ = {isa = PBXFileReference; fileEncoding = 4; lastKnownFileType = sourcecode.c.h; path = AboutViewController.h; sourceTree = "<group>"; };
		A4F3B9E21D7441EF003F9269 /* AboutViewController.m */ = {isa = PBXFileReference; fileEncoding = 4; lastKnownFileType = sourcecode.c.objc; path = AboutViewController.m; sourceTree = "<group>"; };
/* End PBXFileReference section */

/* Begin PBXFrameworksBuildPhase section */
		A479670D1D65696D00F3620B /* Frameworks */ = {
			isa = PBXFrameworksBuildPhase;
			buildActionMask = 2147483647;
			files = (
			);
			runOnlyForDeploymentPostprocessing = 0;
		};
/* End PBXFrameworksBuildPhase section */

/* Begin PBXGroup section */
		046106041D711F5A00199324 /* Push */ = {
			isa = PBXGroup;
			children = (
				046106081D711FC000199324 /* PushViewController.h */,
				046106091D711FC000199324 /* PushViewController.m */,
				0461060E1D7147A400199324 /* SorceShowViewController.h */,
				0461060F1D7147A400199324 /* SorceShowViewController.m */,
				A4F3B9DE1D743989003F9269 /* ShareViewController.h */,
				A4F3B9DF1D743989003F9269 /* ShareViewController.m */,
				A4F3B9E11D7441EF003F9269 /* AboutViewController.h */,
				A4F3B9E21D7441EF003F9269 /* AboutViewController.m */,
			);
			path = Push;
			sourceTree = "<group>";
		};
		046106141D71D5F300199324 /* Tool */ = {
			isa = PBXGroup;
			children = (
				046106151D71D60700199324 /* SaveTool.h */,
				046106161D71D60700199324 /* SaveTool.m */,
			);
			path = Tool;
			sourceTree = "<group>";
		};
		0461061B1D7474DF00199324 /* AboutHeaderView */ = {
			isa = PBXGroup;
			children = (
				0461061C1D7474DF00199324 /* ILAboutHeaderView.h */,
				0461061D1D7474DF00199324 /* ILAboutHeaderView.m */,
				0461061E1D7474DF00199324 /* ILAboutHeaderView.xib */,
			);
			name = AboutHeaderView;
			path = "../../../../../../../../Desktop/0912-彩票第三天/代码/ItheimaLottery02-关于和分享/ItheimaLottery/Classes/Setting(设置)/View/AboutHeaderView";
			sourceTree = "<group>";
		};
		A40E06091D6FE35400A42BAC /* Lib */ = {
			isa = PBXGroup;
			children = (
				A40E060A1D6FE35400A42BAC /* MBProgressHUD */,
			);
			path = Lib;
			sourceTree = "<group>";
		};
		A40E060A1D6FE35400A42BAC /* MBProgressHUD */ = {
			isa = PBXGroup;
			children = (
				A40E060B1D6FE35400A42BAC /* MBProgressHUD+MJ.h */,
				A40E060C1D6FE35400A42BAC /* MBProgressHUD+MJ.m */,
				A40E060D1D6FE35400A42BAC /* MBProgressHUD.bundle */,
				A40E060E1D6FE35400A42BAC /* MBProgressHUD.h */,
				A40E060F1D6FE35400A42BAC /* MBProgressHUD.m */,
			);
			path = MBProgressHUD;
			sourceTree = "<group>";
		};
		A40E06131D6FE49600A42BAC /* Pruduct */ = {
			isa = PBXGroup;
			children = (
				A40E06141D6FE4D400A42BAC /* PruductViewController.h */,
				A40E06151D6FE4D400A42BAC /* PruductViewController.m */,
				A4F3B9A01D7417F5003F9269 /* HtmlViewController.h */,
				A4F3B9A11D7417F5003F9269 /* HtmlViewController.m */,
			);
			path = Pruduct;
			sourceTree = "<group>";
		};
		A40E06171D702E6200A42BAC /* Data */ = {
			isa = PBXGroup;
			children = (
				A40E06181D702E6200A42BAC /* cywt.json */,
				A40E06191D702E6200A42BAC /* help.json */,
				A40E061A1D702E6200A42BAC /* products.json */,
			);
			path = Data;
			sourceTree = "<group>";
		};
		A40E061E1D702F0F00A42BAC /* products */ = {
			isa = PBXGroup;
			children = (
				A40E062C1D702F4500A42BAC /* Product.h */,
				A40E062D1D702F4500A42BAC /* Product.m */,
			);
			name = products;
			path = Product;
			sourceTree = "<group>";
		};
		A40E061F1D702F0F00A42BAC /* Setting */ = {
			isa = PBXGroup;
			children = (
				A40E06201D702F0F00A42BAC /* SettingArrawItem.h */,
				A40E06211D702F0F00A42BAC /* SettingArrawItem.m */,
				A40E06221D702F0F00A42BAC /* SettingGroup.h */,
				A40E06231D702F0F00A42BAC /* SettingGroup.m */,
				A40E06241D702F0F00A42BAC /* SettingItem.h */,
				A40E06251D702F0F00A42BAC /* SettingItem.m */,
				A40E06261D702F0F00A42BAC /* SettingSwithItem.h */,
				A40E06271D702F0F00A42BAC /* SettingSwithItem.m */,
				046106111D714A0200199324 /* SettingLableItem.h */,
				046106121D714A0200199324 /* SettingLableItem.m */,
			);
			path = Setting;
			sourceTree = "<group>";
		};
		A47967071D65696C00F3620B = {
			isa = PBXGroup;
			children = (
				A47967121D65696D00F3620B /* lottery */,
				A47967111D65696D00F3620B /* Products */,
			);
			sourceTree = "<group>";
		};
		A47967111D65696D00F3620B /* Products */ = {
			isa = PBXGroup;
			children = (
				A47967101D65696D00F3620B /* lottery.app */,
			);
			name = Products;
			sourceTree = "<group>";
		};
		A47967121D65696D00F3620B /* lottery */ = {
			isa = PBXGroup;
			children = (
				A4CFF1AB1D659256007A3C8E /* Classes */,
				A47967191D65696D00F3620B /* ViewController.h */,
				A40E05ED1D6C72C300A42BAC /* Main.storyboard */,
				A40E05F01D6C72E500A42BAC /* ViewController.m */,
				A4278B091D671938009CDABE /* lottery-Prefix.pch */,
				A479671F1D65696D00F3620B /* Assets.xcassets */,
				A47967241D65696D00F3620B /* Info.plist */,
				A47967131D65696D00F3620B /* Supporting Files */,
			);
			path = lottery;
			sourceTree = "<group>";
		};
		A47967131D65696D00F3620B /* Supporting Files */ = {
			isa = PBXGroup;
			children = (
				A4F3B9A31D741FE7003F9269 /* Html */,
				A40E06171D702E6200A42BAC /* Data */,
				A47967141D65696D00F3620B /* main.m */,
			);
			name = "Supporting Files";
			sourceTree = "<group>";
		};
		A4CFF1AB1D659256007A3C8E /* Classes */ = {
			isa = PBXGroup;
			children = (
				A4D15B3F1D6C3A5500D4D938 /* Setting */,
				A4D15B341D6BFEFF00D4D938 /* Mine */,
				A4CFF1AC1D659256007A3C8E /* Award(开奖信息) */,
				A4CFF1B01D659256007A3C8E /* Buy(合买跟单) */,
				A4CFF1B41D659256007A3C8E /* Hall(购彩大厅) */,
				A4CFF1B81D659256007A3C8E /* Main */,
				A4CFF1BC1D659256007A3C8E /* Other */,
			);
			path = Classes;
			sourceTree = "<group>";
		};
		A4CFF1AC1D659256007A3C8E /* Award(开奖信息) */ = {
			isa = PBXGroup;
			children = (
				A4CFF1AD1D659256007A3C8E /* Controller */,
				A4CFF1AE1D659256007A3C8E /* Model */,
				A4CFF1AF1D659256007A3C8E /* View */,
			);
			path = "Award(开奖信息)";
			sourceTree = "<group>";
		};
		A4CFF1AD1D659256007A3C8E /* Controller */ = {
			isa = PBXGroup;
			children = (
			);
			path = Controller;
			sourceTree = "<group>";
		};
		A4CFF1AE1D659256007A3C8E /* Model */ = {
			isa = PBXGroup;
			children = (
			);
			path = Model;
			sourceTree = "<group>";
		};
		A4CFF1AF1D659256007A3C8E /* View */ = {
			isa = PBXGroup;
			children = (
			);
			path = View;
			sourceTree = "<group>";
		};
		A4CFF1B01D659256007A3C8E /* Buy(合买跟单) */ = {
			isa = PBXGroup;
			children = (
				A4CFF1B11D659256007A3C8E /* Controller */,
				A4CFF1B21D659256007A3C8E /* Model */,
				A4CFF1B31D659256007A3C8E /* View */,
			);
			path = "Buy(合买跟单)";
			sourceTree = "<group>";
		};
		A4CFF1B11D659256007A3C8E /* Controller */ = {
			isa = PBXGroup;
			children = (
			);
			path = Controller;
			sourceTree = "<group>";
		};
		A4CFF1B21D659256007A3C8E /* Model */ = {
			isa = PBXGroup;
			children = (
			);
			path = Model;
			sourceTree = "<group>";
		};
		A4CFF1B31D659256007A3C8E /* View */ = {
			isa = PBXGroup;
			children = (
			);
			path = View;
			sourceTree = "<group>";
		};
		A4CFF1B41D659256007A3C8E /* Hall(购彩大厅) */ = {
			isa = PBXGroup;
			children = (
				A4CFF1B51D659256007A3C8E /* Controller */,
				A4CFF1B61D659256007A3C8E /* Model */,
				A4CFF1B71D659256007A3C8E /* View */,
			);
			path = "Hall(购彩大厅)";
			sourceTree = "<group>";
		};
		A4CFF1B51D659256007A3C8E /* Controller */ = {
			isa = PBXGroup;
			children = (
			);
			path = Controller;
			sourceTree = "<group>";
		};
		A4CFF1B61D659256007A3C8E /* Model */ = {
			isa = PBXGroup;
			children = (
			);
			path = Model;
			sourceTree = "<group>";
		};
		A4CFF1B71D659256007A3C8E /* View */ = {
			isa = PBXGroup;
			children = (
				A4ED17791D6AF0ED0041EF99 /* LTTitleButton.h */,
				A4ED177A1D6AF0ED0041EF99 /* LTTitleButton.m */,
			);
			path = View;
			sourceTree = "<group>";
		};
		A4CFF1B81D659256007A3C8E /* Main */ = {
			isa = PBXGroup;
			children = (
				A4CFF1B91D659256007A3C8E /* Controller */,
				A4CFF1BA1D659256007A3C8E /* Model */,
				A4CFF1BB1D659256007A3C8E /* View */,
			);
			path = Main;
			sourceTree = "<group>";
		};
		A4CFF1B91D659256007A3C8E /* Controller */ = {
			isa = PBXGroup;
			children = (
				A4CFF1BD1D65A4DF007A3C8E /* LTTabBarViewController.h */,
				A4CFF1BE1D65A4DF007A3C8E /* LTTabBarViewController.m */,
				A4ED17761D6AB4A50041EF99 /* LTNavigationController.h */,
				A4ED17771D6AB4A50041EF99 /* LTNavigationController.m */,
			);
			path = Controller;
			sourceTree = "<group>";
		};
		A4CFF1BA1D659256007A3C8E /* Model */ = {
			isa = PBXGroup;
			children = (
			);
			path = Model;
			sourceTree = "<group>";
		};
		A4CFF1BB1D659256007A3C8E /* View */ = {
			isa = PBXGroup;
			children = (
				A4CFF1C01D65A4FB007A3C8E /* LTTabBar.h */,
				A4CFF1C11D65A4FB007A3C8E /* LTTabBar.m */,
				A4CFF1C31D65C380007A3C8E /* LTTabBarButton.h */,
				A4CFF1C41D65C380007A3C8E /* LTTabBarButton.m */,
			);
			path = View;
			sourceTree = "<group>";
		};
		A4CFF1BC1D659256007A3C8E /* Other */ = {
			isa = PBXGroup;
			children = (
				A40E06091D6FE35400A42BAC /* Lib */,
				A4D15B3B1D6C02B600D4D938 /* Category */,
				A47967161D65696D00F3620B /* AppDelegate.h */,
				A47967171D65696D00F3620B /* AppDelegate.m */,
			);
			path = Other;
			sourceTree = "<group>";
		};
		A4D15B341D6BFEFF00D4D938 /* Mine */ = {
			isa = PBXGroup;
			children = (
				A4D15B351D6BFEFF00D4D938 /* Controller */,
				A4D15B361D6BFEFF00D4D938 /* Model */,
				A4D15B371D6BFEFF00D4D938 /* View */,
			);
			path = Mine;
			sourceTree = "<group>";
		};
		A4D15B351D6BFEFF00D4D938 /* Controller */ = {
			isa = PBXGroup;
			children = (
				A4D15B381D6BFF3700D4D938 /* LoginViewController.h */,
				A4D15B391D6BFF3700D4D938 /* LoginViewController.m */,
			);
			path = Controller;
			sourceTree = "<group>";
		};
		A4D15B361D6BFEFF00D4D938 /* Model */ = {
			isa = PBXGroup;
			children = (
			);
			path = Model;
			sourceTree = "<group>";
		};
		A4D15B371D6BFEFF00D4D938 /* View */ = {
			isa = PBXGroup;
			children = (
			);
			path = View;
			sourceTree = "<group>";
		};
		A4D15B3B1D6C02B600D4D938 /* Category */ = {
			isa = PBXGroup;
			children = (
				A4D15B3C1D6C038F00D4D938 /* UIImage+Tools.h */,
				A4D15B3D1D6C038F00D4D938 /* UIImage+Tools.m */,
			);
			path = Category;
			sourceTree = "<group>";
		};
		A4D15B3F1D6C3A5500D4D938 /* Setting */ = {
			isa = PBXGroup;
			children = (
				046106141D71D5F300199324 /* Tool */,
				A4D15B401D6C3A5500D4D938 /* Controller */,
				A4D15B411D6C3A5500D4D938 /* Model */,
				A4D15B421D6C3A5500D4D938 /* View */,
			);
			path = Setting;
			sourceTree = "<group>";
		};
		A4D15B401D6C3A5500D4D938 /* Controller */ = {
			isa = PBXGroup;
			children = (
				046106041D711F5A00199324 /* Push */,
				A40E06131D6FE49600A42BAC /* Pruduct */,
				A4D15B461D6C4CA500D4D938 /* SettingTableViewController.h */,
				A4D15B471D6C4CA500D4D938 /* SettingTableViewController.m */,
				A40E06041D6EDAF200A42BAC /* TestSetViewController.h */,
				A40E06051D6EDAF200A42BAC /* TestSetViewController.m */,
				A40E06061D6EDAF200A42BAC /* TestSetViewController.xib */,
				0461060B1D713EBA00199324 /* BaseTableViewController.h */,
				0461060C1D713EBA00199324 /* BaseTableViewController.m */,
				046106181D72912500199324 /* HelpViewController.h */,
				046106191D72912500199324 /* HelpViewController.m */,
			);
			path = Controller;
			sourceTree = "<group>";
		};
		A4D15B411D6C3A5500D4D938 /* Model */ = {
			isa = PBXGroup;
			children = (
				A4F3B99C1D73DD3E003F9269 /* Help */,
				A40E061E1D702F0F00A42BAC /* products */,
				A40E061F1D702F0F00A42BAC /* Setting */,
			);
			path = Model;
			sourceTree = "<group>";
		};
		A4D15B421D6C3A5500D4D938 /* View */ = {
			isa = PBXGroup;
			children = (
				0461061B1D7474DF00199324 /* AboutHeaderView */,
				A40E05F81D6E9CFF00A42BAC /* SettingCell.h */,
				A40E05F91D6E9CFF00A42BAC /* SettingCell.m */,
				A40E062F1D7035A500A42BAC /* ProductCell.h */,
				A40E06301D7035A500A42BAC /* ProductCell.m */,
				A40E06321D7035DA00A42BAC /* ProductCell.xib */,
			);
			path = View;
			sourceTree = "<group>";
		};
		A4F3B99C1D73DD3E003F9269 /* Help */ = {
			isa = PBXGroup;
			children = (
				A4F3B99D1D73DD66003F9269 /* Helpbean.h */,
				A4F3B99E1D73DD66003F9269 /* Helpbean.m */,
			);
			path = Help;
			sourceTree = "<group>";
		};
		A4F3B9A31D741FE7003F9269 /* Html */ = {
			isa = PBXGroup;
			children = (
				A4F3B9A41D741FE7003F9269 /* bjdc_howto.html */,
				A4F3B9A51D741FE7003F9269 /* coupon_help.html */,
				A4F3B9A61D741FE7003F9269 /* credit_help.html */,
				A4F3B9A71D741FE7003F9269 /* dlt_howto.html */,
				A4F3B9A81D741FE7003F9269 /* f9_howto.html */,
				A4F3B9A91D741FE7003F9269 /* gdy11_howto.html */,
				A4F3B9AA1D741FE7003F9269 /* group_record.html */,
				A4F3B9AB1D741FE7003F9269 /* help.html */,
				A4F3B9AC1D741FE7003F9269 /* helpGroupBuy.html */,
				A4F3B9AD1D741FE7003F9269 /* jclq_howto.html */,
				A4F3B9AE1D741FE7003F9269 /* jczq_howto.html */,
				A4F3B9AF1D741FE7003F9269 /* jxssc_howto.html */,
				A4F3B9B01D741FE7003F9269 /* jxy11_howto.html */,
				A4F3B9B11D741FE7003F9269 /* k2_howto.html */,
				A4F3B9B21D741FE7003F9269 /* k3_howto.html */,
				A4F3B9B31D741FE7003F9269 /* kl8_howto.html */,
				A4F3B9B41D741FE7003F9269 /* lk11_howto.html */,
				A4F3B9B51D741FE7003F9269 /* networkconnectedfailed.html */,
				A4F3B9B61D741FE7003F9269 /* pl3_howto.html */,
				A4F3B9B71D741FE7003F9269 /* pl5_howto.html */,
				A4F3B9B81D741FE7003F9269 /* qlc_howto.html */,
				A4F3B9B91D741FE7003F9269 /* qxc_howto.html */,
				A4F3B9BA1D741FE7003F9269 /* rule.css */,
				A4F3B9BB1D741FE7003F9269 /* sfc_howto.html */,
				A4F3B9BC1D741FE7003F9269 /* ssc_howto.html */,
				A4F3B9BD1D741FE7003F9269 /* ssq_howto.html */,
				A4F3B9BE1D741FE7003F9269 /* x3d_howto.html */,
				A4F3B9BF1D741FE7003F9269 /* y11_howto.html */,
				A4F3B9C01D741FE7003F9269 /* znzh.html */,
			);
			path = Html;
			sourceTree = "<group>";
		};
/* End PBXGroup section */

/* Begin PBXNativeTarget section */
		A479670F1D65696D00F3620B /* lottery */ = {
			isa = PBXNativeTarget;
			buildConfigurationList = A47967271D65696D00F3620B /* Build configuration list for PBXNativeTarget "lottery" */;
			buildPhases = (
				A479670C1D65696D00F3620B /* Sources */,
				A479670D1D65696D00F3620B /* Frameworks */,
				A479670E1D65696D00F3620B /* Resources */,
			);
			buildRules = (
			);
			dependencies = (
			);
			name = lottery;
			productName = lottery;
			productReference = A47967101D65696D00F3620B /* lottery.app */;
			productType = "com.apple.product-type.application";
		};
/* End PBXNativeTarget section */

/* Begin PBXProject section */
		A47967081D65696C00F3620B /* Project object */ = {
			isa = PBXProject;
			attributes = {
				KnownAssetTags = (
					New,
				);
				LastUpgradeCheck = 0720;
				ORGANIZATIONNAME = cain;
				TargetAttributes = {
					A479670F1D65696D00F3620B = {
						CreatedOnToolsVersion = 7.2;
						DevelopmentTeam = 383U3JP56H;
					};
				};
			};
			buildConfigurationList = A479670B1D65696C00F3620B /* Build configuration list for PBXProject "lottery" */;
			compatibilityVersion = "Xcode 3.2";
			developmentRegion = English;
			hasScannedForEncodings = 0;
			knownRegions = (
				en,
				Base,
			);
			mainGroup = A47967071D65696C00F3620B;
			productRefGroup = A47967111D65696D00F3620B /* Products */;
			projectDirPath = "";
			projectRoot = "";
			targets = (
				A479670F1D65696D00F3620B /* lottery */,
			);
		};
/* End PBXProject section */

/* Begin PBXResourcesBuildPhase section */
		A479670E1D65696D00F3620B /* Resources */ = {
			isa = PBXResourcesBuildPhase;
			buildActionMask = 2147483647;
			files = (
				A47967201D65696D00F3620B /* Assets.xcassets in Resources */,
				A4F3B9C41D741FE7003F9269 /* dlt_howto.html in Resources */,
				A4F3B9D11D741FE7003F9269 /* lk11_howto.html in Resources */,
				A40E06331D7035DA00A42BAC /* ProductCell.xib in Resources */,
				A40E061B1D702E6200A42BAC /* cywt.json in Resources */,
				A4F3B9CB1D741FE7003F9269 /* jczq_howto.html in Resources */,
				A4F3B9D91D741FE7003F9269 /* ssc_howto.html in Resources */,
				A4F3B9C11D741FE7003F9269 /* bjdc_howto.html in Resources */,
				A4F3B9DB1D741FE7003F9269 /* x3d_howto.html in Resources */,
				A4F3B9C81D741FE7003F9269 /* help.html in Resources */,
				A4F3B9C71D741FE7003F9269 /* group_record.html in Resources */,
				A4F3B9D01D741FE7003F9269 /* kl8_howto.html in Resources */,
				A4F3B9D41D741FE7003F9269 /* pl5_howto.html in Resources */,
				A40E061D1D702E6200A42BAC /* products.json in Resources */,
				A4F3B9CA1D741FE7003F9269 /* jclq_howto.html in Resources */,
				A4F3B9D71D741FE7003F9269 /* rule.css in Resources */,
				A4F3B9CC1D741FE7003F9269 /* jxssc_howto.html in Resources */,
				A40E06111D6FE35400A42BAC /* MBProgressHUD.bundle in Resources */,
				A40E05EF1D6C72C300A42BAC /* Main.storyboard in Resources */,
				A40E061C1D702E6200A42BAC /* help.json in Resources */,
				A4F3B9D31D741FE7003F9269 /* pl3_howto.html in Resources */,
				A4F3B9C51D741FE7003F9269 /* f9_howto.html in Resources */,
				A4F3B9CF1D741FE7003F9269 /* k3_howto.html in Resources */,
				A4F3B9C31D741FE7003F9269 /* credit_help.html in Resources */,
				046106201D7474DF00199324 /* ILAboutHeaderView.xib in Resources */,
				A4F3B9C61D741FE7003F9269 /* gdy11_howto.html in Resources */,
				A40E06081D6EDAF200A42BAC /* TestSetViewController.xib in Resources */,
				A4F3B9CD1D741FE7003F9269 /* jxy11_howto.html in Resources */,
				A4F3B9D21D741FE7003F9269 /* networkconnectedfailed.html in Resources */,
				A4F3B9D51D741FE7003F9269 /* qlc_howto.html in Resources */,
				A4F3B9CE1D741FE7003F9269 /* k2_howto.html in Resources */,
				A4F3B9D61D741FE7003F9269 /* qxc_howto.html in Resources */,
				A4F3B9DD1D741FE7003F9269 /* znzh.html in Resources */,
				A4F3B9DA1D741FE7003F9269 /* ssq_howto.html in Resources */,
				A4F3B9DC1D741FE7003F9269 /* y11_howto.html in Resources */,
				A4F3B9D81D741FE7003F9269 /* sfc_howto.html in Resources */,
				A4F3B9C21D741FE7003F9269 /* coupon_help.html in Resources */,
				A4F3B9C91D741FE7003F9269 /* helpGroupBuy.html in Resources */,
			);
			runOnlyForDeploymentPostprocessing = 0;
		};
/* End PBXResourcesBuildPhase section */

/* Begin PBXSourcesBuildPhase section */
		A479670C1D65696D00F3620B /* Sources */ = {
			isa = PBXSourcesBuildPhase;
			buildActionMask = 2147483647;
			files = (
				A40E062E1D702F4500A42BAC /* Product.m in Sources */,
				A40E06161D6FE4D400A42BAC /* PruductViewController.m in Sources */,
				A40E062B1D702F0F00A42BAC /* SettingSwithItem.m in Sources */,
				A40E06101D6FE35400A42BAC /* MBProgressHUD+MJ.m in Sources */,
				046106101D7147A400199324 /* SorceShowViewController.m in Sources */,
				A40E06291D702F0F00A42BAC /* SettingGroup.m in Sources */,
				A4ED177B1D6AF0ED0041EF99 /* LTTitleButton.m in Sources */,
				04535AEF1D6600BA000E69CB /* LTTabBarButton.m in Sources */,
				A40E06311D7035A500A42BAC /* ProductCell.m in Sources */,
				A40E06071D6EDAF200A42BAC /* TestSetViewController.m in Sources */,
				A4F3B9E31D7441EF003F9269 /* AboutViewController.m in Sources */,
				A4D15B3E1D6C038F00D4D938 /* UIImage+Tools.m in Sources */,
				0461061A1D72912500199324 /* HelpViewController.m in Sources */,
				A47967181D65696D00F3620B /* AppDelegate.m in Sources */,
				A4D15B481D6C4CA500D4D938 /* SettingTableViewController.m in Sources */,
				A40E062A1D702F0F00A42BAC /* SettingItem.m in Sources */,
				A40E06121D6FE35400A42BAC /* MBProgressHUD.m in Sources */,
				0461061F1D7474DF00199324 /* ILAboutHeaderView.m in Sources */,
				A40E05F11D6C72E500A42BAC /* ViewController.m in Sources */,
				A4F3B9A21D7417F5003F9269 /* HtmlViewController.m in Sources */,
				A4F3B9E01D743989003F9269 /* ShareViewController.m in Sources */,
				A4F3B99F1D73DD66003F9269 /* Helpbean.m in Sources */,
				046106131D714A0200199324 /* SettingLableItem.m in Sources */,
				0461060A1D711FC000199324 /* PushViewController.m in Sources */,
				A40E06281D702F0F00A42BAC /* SettingArrawItem.m in Sources */,
				A4ED17781D6AB4A50041EF99 /* LTNavigationController.m in Sources */,
				A4D15B3A1D6BFF3700D4D938 /* LoginViewController.m in Sources */,
				046106171D71D60700199324 /* SaveTool.m in Sources */,
				04535AED1D6600A6000E69CB /* LTTabBarViewController.m in Sources */,
				A40E05FA1D6E9CFF00A42BAC /* SettingCell.m in Sources */,
				A47967151D65696D00F3620B /* main.m in Sources */,
				0461060D1D713EBA00199324 /* BaseTableViewController.m in Sources */,
				04535AEE1D6600B6000E69CB /* LTTabBar.m in Sources */,
			);
			runOnlyForDeploymentPostprocessing = 0;
		};
/* End PBXSourcesBuildPhase section */

/* Begin PBXVariantGroup section */
		A40E05ED1D6C72C300A42BAC /* Main.storyboard */ = {
			isa = PBXVariantGroup;
			children = (
				A40E05EE1D6C72C300A42BAC /* Base */,
			);
			name = Main.storyboard;
			sourceTree = "<group>";
		};
/* End PBXVariantGroup section */

/* Begin XCBuildConfiguration section */
		A47967251D65696D00F3620B /* Debug */ = {
			isa = XCBuildConfiguration;
			buildSettings = {
				ALWAYS_SEARCH_USER_PATHS = NO;
				CLANG_CXX_LANGUAGE_STANDARD = "gnu++0x";
				CLANG_CXX_LIBRARY = "libc++";
				CLANG_ENABLE_MODULES = YES;
				CLANG_ENABLE_OBJC_ARC = YES;
				CLANG_WARN_BOOL_CONVERSION = YES;
				CLANG_WARN_CONSTANT_CONVERSION = YES;
				CLANG_WARN_DIRECT_OBJC_ISA_USAGE = YES_ERROR;
				CLANG_WARN_EMPTY_BODY = YES;
				CLANG_WARN_ENUM_CONVERSION = YES;
				CLANG_WARN_INT_CONVERSION = YES;
				CLANG_WARN_OBJC_ROOT_CLASS = YES_ERROR;
				CLANG_WARN_UNREACHABLE_CODE = YES;
				CLANG_WARN__DUPLICATE_METHOD_MATCH = YES;
				"CODE_SIGN_IDENTITY[sdk=iphoneos*]" = "iPhone Developer";
				COPY_PHASE_STRIP = NO;
				DEBUG_INFORMATION_FORMAT = dwarf;
				ENABLE_STRICT_OBJC_MSGSEND = YES;
				ENABLE_TESTABILITY = YES;
				GCC_C_LANGUAGE_STANDARD = gnu99;
				GCC_DYNAMIC_NO_PIC = NO;
				GCC_NO_COMMON_BLOCKS = YES;
				GCC_OPTIMIZATION_LEVEL = 0;
				GCC_PREPROCESSOR_DEFINITIONS = (
					"DEBUG=1",
					"$(inherited)",
				);
				GCC_WARN_64_TO_32_BIT_CONVERSION = YES;
				GCC_WARN_ABOUT_RETURN_TYPE = YES_ERROR;
				GCC_WARN_UNDECLARED_SELECTOR = YES;
				GCC_WARN_UNINITIALIZED_AUTOS = YES_AGGRESSIVE;
				GCC_WARN_UNUSED_FUNCTION = YES;
				GCC_WARN_UNUSED_VARIABLE = YES;
				IPHONEOS_DEPLOYMENT_TARGET = 9.2;
				MTL_ENABLE_DEBUG_INFO = YES;
				ONLY_ACTIVE_ARCH = YES;
				SDKROOT = iphoneos;
			};
			name = Debug;
		};
		A47967261D65696D00F3620B /* Release */ = {
			isa = XCBuildConfiguration;
			buildSettings = {
				ALWAYS_SEARCH_USER_PATHS = NO;
				CLANG_CXX_LANGUAGE_STANDARD = "gnu++0x";
				CLANG_CXX_LIBRARY = "libc++";
				CLANG_ENABLE_MODULES = YES;
				CLANG_ENABLE_OBJC_ARC = YES;
				CLANG_WARN_BOOL_CONVERSION = YES;
				CLANG_WARN_CONSTANT_CONVERSION = YES;
				CLANG_WARN_DIRECT_OBJC_ISA_USAGE = YES_ERROR;
				CLANG_WARN_EMPTY_BODY = YES;
				CLANG_WARN_ENUM_CONVERSION = YES;
				CLANG_WARN_INT_CONVERSION = YES;
				CLANG_WARN_OBJC_ROOT_CLASS = YES_ERROR;
				CLANG_WARN_UNREACHABLE_CODE = YES;
				CLANG_WARN__DUPLICATE_METHOD_MATCH = YES;
				"CODE_SIGN_IDENTITY[sdk=iphoneos*]" = "iPhone Developer";
				COPY_PHASE_STRIP = NO;
				DEBUG_INFORMATION_FORMAT = "dwarf-with-dsym";
				ENABLE_NS_ASSERTIONS = NO;
				ENABLE_STRICT_OBJC_MSGSEND = YES;
				GCC_C_LANGUAGE_STANDARD = gnu99;
				GCC_NO_COMMON_BLOCKS = YES;
				GCC_WARN_64_TO_32_BIT_CONVERSION = YES;
				GCC_WARN_ABOUT_RETURN_TYPE = YES_ERROR;
				GCC_WARN_UNDECLARED_SELECTOR = YES;
				GCC_WARN_UNINITIALIZED_AUTOS = YES_AGGRESSIVE;
				GCC_WARN_UNUSED_FUNCTION = YES;
				GCC_WARN_UNUSED_VARIABLE = YES;
				IPHONEOS_DEPLOYMENT_TARGET = 9.2;
				MTL_ENABLE_DEBUG_INFO = NO;
				SDKROOT = iphoneos;
				VALIDATE_PRODUCT = YES;
			};
			name = Release;
		};
		A47967281D65696D00F3620B /* Debug */ = {
			isa = XCBuildConfiguration;
			buildSettings = {
				ASSETCATALOG_COMPILER_APPICON_NAME = AppIcon;
				ASSETCATALOG_COMPILER_LAUNCHIMAGE_NAME = LaunchImage;
				CLANG_ENABLE_MODULES = YES;
				GCC_PRECOMPILE_PREFIX_HEADER = YES;
				GCC_PREFIX_HEADER = "$(SRCROOT)/lottery-Prefix.pch";
				INFOPLIST_FILE = lottery/Info.plist;
				IPHONEOS_DEPLOYMENT_TARGET = 6.0;
				LD_RUNPATH_SEARCH_PATHS = "$(inherited) @executable_path/Frameworks";
				PRODUCT_BUNDLE_IDENTIFIER = com.cain.lottery;
				PRODUCT_NAME = "$(TARGET_NAME)";
				SWIFT_OBJC_BRIDGING_HEADER = "lottery/Classes/Setting/Controller/Push/lottery-Bridging-Header.h";
				SWIFT_OPTIMIZATION_LEVEL = "-Onone";
			};
			name = Debug;
		};
		A47967291D65696D00F3620B /* Release */ = {
			isa = XCBuildConfiguration;
			buildSettings = {
				ASSETCATALOG_COMPILER_APPICON_NAME = AppIcon;
				ASSETCATALOG_COMPILER_LAUNCHIMAGE_NAME = LaunchImage;
				CLANG_ENABLE_MODULES = YES;
				GCC_PRECOMPILE_PREFIX_HEADER = YES;
				GCC_PREFIX_HEADER = "$(SRCROOT)/lottery-Prefix.pch";
				INFOPLIST_FILE = lottery/Info.plist;
				IPHONEOS_DEPLOYMENT_TARGET = 6.0;
				LD_RUNPATH_SEARCH_PATHS = "$(inherited) @executable_path/Frameworks";
				PRODUCT_BUNDLE_IDENTIFIER = com.cain.lottery;
				PRODUCT_NAME = "$(TARGET_NAME)";
				SWIFT_OBJC_BRIDGING_HEADER = "lottery/Classes/Setting/Controller/Push/lottery-Bridging-Header.h";
			};
			name = Release;
		};
/* End XCBuildConfiguration section */

/* Begin XCConfigurationList section */
		A479670B1D65696C00F3620B /* Build configuration list for PBXProject "lottery" */ = {
			isa = XCConfigurationList;
			buildConfigurations = (
				A47967251D65696D00F3620B /* Debug */,
				A47967261D65696D00F3620B /* Release */,
			);
			defaultConfigurationIsVisible = 0;
			defaultConfigurationName = Release;
		};
		A47967271D65696D00F3620B /* Build configuration list for PBXNativeTarget "lottery" */ = {
			isa = XCConfigurationList;
			buildConfigurations = (
				A47967281D65696D00F3620B /* Debug */,
				A47967291D65696D00F3620B /* Release */,
			);
			defaultConfigurationIsVisible = 0;
			defaultConfigurationName = Release;
		};
/* End XCConfigurationList section */
	};
	rootObject = A47967081D65696C00F3620B /* Project object */;
}
